
Microsoft Visual Studio Solution File, Format Version 12.00
# Visual Studio Version 16
VisualStudioVersion = 16.0.30406.217
MinimumVisualStudioVersion = 10.0.40219.1
Project("{FAE04EC0-301F-11D3-BF4B-00C04F79EFBC}") = "DotNetCoreWebApp", "DotNetCoreWebApp\DotNetCoreWebApp.csproj", "{6FB1D9C2-87A8-42D9-9D0D-A2C74ACCB950}"
EndProject
Global
	GlobalSection(SolutionConfigurationPlatforms) = preSolution
		Debug|Any CPU = Debug|Any CPU
		Release|Any CPU = Release|Any CPU
	EndGlobalSection
	GlobalSection(ProjectConfigurationPlatforms) = postSolution
		{6FB1D9C2-87A8-42D9-9D0D-A2C74ACCB950}.Debug|Any CPU.ActiveCfg = Debug|Any CPU
		{6FB1D9C2-87A8-42D9-9D0D-A2C74ACCB950}.Debug|Any CPU.Build.0 = Debug|Any CPU
		{6FB1D9C2-87A8-42D9-9D0D-A2C74ACCB950}.Release|Any CPU.ActiveCfg = Release|Any CPU
		{6FB1D9C2-87A8-42D9-9D0D-A2C74ACCB950}.Release|Any CPU.Build.0 = Release|Any CPU
	EndGlobalSection
	GlobalSection(SolutionProperties) = preSolution
		HideSolutionNode = FALSE
	EndGlobalSection
	GlobalSection(ExtensibilityGlobals) = postSolution
		SolutionGuid = {44DE4B15-FDAE-47BA-BF56-D340C2A57410}
	EndGlobalSection
EndGlobal
